
Microsoft Visual Studio Solution File, Format Version 12.00
# Visual Studio Version 16
VisualStudioVersion = 16.0.30413.136
MinimumVisualStudioVersion = 10.0.40219.1
Project("{FAE04EC0-301F-11D3-BF4B-00C04F79EFBC}") = "Calculators", "Assignment3\Calculators.csproj", "{59B7CA76-B231-489B-92F1-34CF3F52B064}"
EndProject
Global
	GlobalSection(SolutionConfigurationPlatforms) = preSolution
		Debug|Any CPU = Debug|Any CPU
		Release|Any CPU = Release|Any CPU
	EndGlobalSection
	GlobalSection(ProjectConfigurationPlatforms) = postSolution
		{59B7CA76-B231-489B-92F1-34CF3F52B064}.Debug|Any CPU.ActiveCfg = Debug|Any CPU
		{59B7CA76-B231-489B-92F1-34CF3F52B064}.Debug|Any CPU.Build.0 = Debug|Any CPU
		{59B7CA76-B231-489B-92F1-34CF3F52B064}.Release|Any CPU.ActiveCfg = Release|Any CPU
		{59B7CA76-B231-489B-92F1-34CF3F52B064}.Release|Any CPU.Build.0 = Release|Any CPU
	EndGlobalSection
	GlobalSection(SolutionProperties) = preSolution
		HideSolutionNode = FALSE
	EndGlobalSection
	GlobalSection(ExtensibilityGlobals) = postSolution
		SolutionGuid = {956D5409-1A48-4796-84D5-8013B96C23A5}
	EndGlobalSection
EndGlobal
