
Microsoft Visual Studio Solution File, Format Version 12.00
# Visual Studio Version 16
VisualStudioVersion = 16.0.30804.86
MinimumVisualStudioVersion = 10.0.40219.1
Project("{FAE04EC0-301F-11D3-BF4B-00C04F79EFBC}") = "Assignment6", "Assignment6\Assignment6.csproj", "{9D5A8F43-F1C7-4164-B013-409F01C423D6}"
EndProject
Global
	GlobalSection(SolutionConfigurationPlatforms) = preSolution
		Debug|Any CPU = Debug|Any CPU
		Release|Any CPU = Release|Any CPU
	EndGlobalSection
	GlobalSection(ProjectConfigurationPlatforms) = postSolution
		{9D5A8F43-F1C7-4164-B013-409F01C423D6}.Debug|Any CPU.ActiveCfg = Debug|Any CPU
		{9D5A8F43-F1C7-4164-B013-409F01C423D6}.Debug|Any CPU.Build.0 = Debug|Any CPU
		{9D5A8F43-F1C7-4164-B013-409F01C423D6}.Release|Any CPU.ActiveCfg = Release|Any CPU
		{9D5A8F43-F1C7-4164-B013-409F01C423D6}.Release|Any CPU.Build.0 = Release|Any CPU
	EndGlobalSection
	GlobalSection(SolutionProperties) = preSolution
		HideSolutionNode = FALSE
	EndGlobalSection
	GlobalSection(ExtensibilityGlobals) = postSolution
		SolutionGuid = {8406F0C5-13E1-41B2-AF86-981426503BC0}
	EndGlobalSection
EndGlobal
